# This file is automatically @generated by Cargo.
# It is not intended for manual editing.
version = 4

[[package]]
name = "vyges-gds-view"
version = "0.1.0"
dependencies = [
 "vyges-layout",
]

[[package]]
name = "vyges-layout"
version = "0.0.1"
source = "git+https://github.com/vyges-tools/layout?branch=main#2baee0bc783b75f67d16c59d82c0f8e9c86c2645"
